{
  "name": "ng2-combobox",
  "version": "0.7.1",
  "lockfileVersion": 1,
  "dependencies": {
    "@angular/common": {
      "version": "4.2.4",
      "resolved": "https://registry.npmjs.org/@angular/common/-/common-4.2.4.tgz",
      "integrity": "sha1-m37g5pKrAxkafNmvMx0PSS087+s=",
      "dev": true
    },
    "@angular/compiler": {
      "version": "4.2.4",
      "resolved": "https://registry.npmjs.org/@angular/compiler/-/compiler-4.2.4.tgz",
      "integrity": "sha1-eTaoey1IOrzvhAuGjB/PZyIcSRQ=",
      "dev": true
    },
    "@angular/core": {
      "version": "4.2.4",
      "resolved": "https://registry.npmjs.org/@angular/core/-/core-4.2.4.tgz",
      "integrity": "sha1-6N96jdXeWjJ3hN/DW12mNEKBzxs=",
      "dev": true
    },
    "@angular/forms": {
      "version": "4.2.4",
      "resolved": "https://registry.npmjs.org/@angular/forms/-/forms-4.2.4.tgz",
      "integrity": "sha1-rgl1UzLqRj9WHfAarCvTaeXTXck=",
      "dev": true
    },
    "@angular/platform-browser": {
      "version": "4.2.4",
      "resolved": "https://registry.npmjs.org/@angular/platform-browser/-/platform-browser-4.2.4.tgz",
      "integrity": "sha1-AKRNyy/Xd7VLwXwc5zSqGP6f0Dk="
    },
    "core-js": {
      "version": "2.4.1",
      "resolved": "https://registry.npmjs.org/core-js/-/core-js-2.4.1.tgz",
      "integrity": "sha1-TekR5mew6ukSTjQlS1OupvxhjT4=",
      "dev": true
    },
    "reflect-metadata": {
      "version": "0.1.10",
      "resolved": "https://registry.npmjs.org/reflect-metadata/-/reflect-metadata-0.1.10.tgz",
      "integrity": "sha1-tPg3BEFqytiZiMmxVjXUfgO5NEo=",
      "dev": true
    },
    "rxjs": {
      "version": "5.4.1",
      "resolved": "https://registry.npmjs.org/rxjs/-/rxjs-5.4.1.tgz",
      "integrity": "sha1-ti91fyeURdJloYpY+wpw3JDpFiY=",
      "dev": true
    },
    "symbol-observable": {
      "version": "1.0.4",
      "resolved": "https://registry.npmjs.org/symbol-observable/-/symbol-observable-1.0.4.tgz",
      "integrity": "sha1-Kb9hXUqnEhvdiYsi1LP5vE4qoD0=",
      "dev": true
    },
    "tslib": {
      "version": "1.7.1",
      "resolved": "https://registry.npmjs.org/tslib/-/tslib-1.7.1.tgz",
      "integrity": "sha1-vIAEFkaRkjp5/oN4u+s9ogF1OOw="
    },
    "typescript": {
      "version": "2.3.4",
      "resolved": "https://registry.npmjs.org/typescript/-/typescript-2.3.4.tgz",
      "integrity": "sha1-PTgyGCgjHkNPKHUUlZw3qCtin0I=",
      "dev": true
    },
    "zone.js": {
      "version": "0.8.12",
      "resolved": "https://registry.npmjs.org/zone.js/-/zone.js-0.8.12.tgz",
      "integrity": "sha1-hv9QU8mK7CkaC/S7rFAdaUoFz7s=",
      "dev": true
    }
  }
}
